
Microsoft Visual Studio Solution File, Format Version 12.00
# Visual Studio Version 17
VisualStudioVersion = 17.11.35312.102
MinimumVisualStudioVersion = 10.0.40219.1
Project("{FAE04EC0-301F-11D3-BF4B-00C04F79EFBC}") = "Portfolio", "Portfolio.csproj", "{64A9DD62-A736-4A4F-97D5-F633FEF7A4C5}"
EndProject
Global
	GlobalSection(SolutionConfigurationPlatforms) = preSolution
		Debug|Any CPU = Debug|Any CPU
		Release|Any CPU = Release|Any CPU
	EndGlobalSection
	GlobalSection(ProjectConfigurationPlatforms) = postSolution
		{64A9DD62-A736-4A4F-97D5-F633FEF7A4C5}.Debug|Any CPU.ActiveCfg = Debug|Any CPU
		{64A9DD62-A736-4A4F-97D5-F633FEF7A4C5}.Debug|Any CPU.Build.0 = Debug|Any CPU
		{64A9DD62-A736-4A4F-97D5-F633FEF7A4C5}.Debug|Any CPU.Deploy.0 = Debug|Any CPU
		{64A9DD62-A736-4A4F-97D5-F633FEF7A4C5}.Release|Any CPU.ActiveCfg = Release|Any CPU
		{64A9DD62-A736-4A4F-97D5-F633FEF7A4C5}.Release|Any CPU.Build.0 = Release|Any CPU
		{64A9DD62-A736-4A4F-97D5-F633FEF7A4C5}.Release|Any CPU.Deploy.0 = Release|Any CPU
	EndGlobalSection
	GlobalSection(SolutionProperties) = preSolution
		HideSolutionNode = FALSE
	EndGlobalSection
	GlobalSection(ExtensibilityGlobals) = postSolution
		SolutionGuid = {D9953AF4-1E7F-44DB-93BA-1DC09094355C}
	EndGlobalSection
EndGlobal
